// !$*UTF8*$!
{
	archiveVersion = 1;
	classes = {
	};
	objectVersion = 50;
	objects = {

/* Begin PBXBuildFile section */
		894DA0B5222CB10C00D19D49 /* AppDelegate.m in Sources */ = {isa = PBXBuildFile; fileRef = 894DA0B4222CB10C00D19D49 /* AppDelegate.m */; };
		894DA0B8222CB10C00D19D49 /* ViewController.m in Sources */ = {isa = PBXBuildFile; fileRef = 894DA0B7222CB10C00D19D49 /* ViewController.m */; };
		894DA0BB222CB10C00D19D49 /* Main.storyboard in Resources */ = {isa = PBXBuildFile; fileRef = 894DA0B9222CB10C00D19D49 /* Main.storyboard */; };
		894DA0BD222CB10E00D19D49 /* Assets.xcassets in Resources */ = {isa = PBXBuildFile; fileRef = 894DA0BC222CB10E00D19D49 /* Assets.xcassets */; };
		894DA0C0222CB10E00D19D49 /* LaunchScreen.storyboard in Resources */ = {isa = PBXBuildFile; fileRef = 894DA0BE222CB10E00D19D49 /* LaunchScreen.storyboard */; };
		894DA0C3222CB10E00D19D49 /* main.m in Sources */ = {isa = PBXBuildFile; fileRef = 894DA0C2222CB10E00D19D49 /* main.m */; };
/* End PBXBuildFile section */

/* Begin PBXFileReference section */
		894DA0B0222CB10C00D19D49 /* DJI Demo.app */ = {isa = PBXFileReference; explicitFileType = wrapper.application; includeInIndex = 0; path = "DJI Demo.app"; sourceTree = BUILT_PRODUCTS_DIR; };
		894DA0B3222CB10C00D19D49 /* AppDelegate.h */ = {isa = PBXFileReference; lastKnownFileType = sourcecode.c.h; path = AppDelegate.h; sourceTree = "<group>"; };
		894DA0B4222CB10C00D19D49 /* AppDelegate.m */ = {isa = PBXFileReference; lastKnownFileType = sourcecode.c.objc; path = AppDelegate.m; sourceTree = "<group>"; };
		894DA0B6222CB10C00D19D49 /* ViewController.h */ = {isa = PBXFileReference; lastKnownFileType = sourcecode.c.h; path = ViewController.h; sourceTree = "<group>"; };
		894DA0B7222CB10C00D19D49 /* ViewController.m */ = {isa = PBXFileReference; lastKnownFileType = sourcecode.c.objc; path = ViewController.m; sourceTree = "<group>"; };
		894DA0BA222CB10C00D19D49 /* Base */ = {isa = PBXFileReference; lastKnownFileType = file.storyboard; name = Base; path = Base.lproj/Main.storyboard; sourceTree = "<group>"; };
		894DA0BC222CB10E00D19D49 /* Assets.xcassets */ = {isa = PBXFileReference; lastKnownFileType = folder.assetcatalog; path = Assets.xcassets; sourceTree = "<group>"; };
		894DA0BF222CB10E00D19D49 /* Base */ = {isa = PBXFileReference; lastKnownFileType = file.storyboard; name = Base; path = Base.lproj/LaunchScreen.storyboard; sourceTree = "<group>"; };
		894DA0C1222CB10E00D19D49 /* Info.plist */ = {isa = PBXFileReference; lastKnownFileType = text.plist.xml; path = Info.plist; sourceTree = "<group>"; };
		894DA0C2222CB10E00D19D49 /* main.m */ = {isa = PBXFileReference; lastKnownFileType = sourcecode.c.objc; path = main.m; sourceTree = "<group>"; };
/* End PBXFileReference section */

/* Begin PBXFrameworksBuildPhase section */
		894DA0AD222CB10C00D19D49 /* Frameworks */ = {
			isa = PBXFrameworksBuildPhase;
			buildActionMask = 2147483647;
			files = (
			);
			runOnlyForDeploymentPostprocessing = 0;
		};
/* End PBXFrameworksBuildPhase section */

/* Begin PBXGroup section */
		894DA0A7222CB10C00D19D49 = {
			isa = PBXGroup;
			children = (
				894DA0B2222CB10C00D19D49 /* DJI Demo */,
				894DA0B1222CB10C00D19D49 /* Products */,
			);
			sourceTree = "<group>";
		};
		894DA0B1222CB10C00D19D49 /* Products */ = {
			isa = PBXGroup;
			children = (
				894DA0B0222CB10C00D19D49 /* DJI Demo.app */,
			);
			name = Products;
			sourceTree = "<group>";
		};
		894DA0B2222CB10C00D19D49 /* DJI Demo */ = {
			isa = PBXGroup;
			children = (
				894DA0B3222CB10C00D19D49 /* AppDelegate.h */,
				894DA0B4222CB10C00D19D49 /* AppDelegate.m */,
				894DA0B6222CB10C00D19D49 /* ViewController.h */,
				894DA0B7222CB10C00D19D49 /* ViewController.m */,
				894DA0B9222CB10C00D19D49 /* Main.storyboard */,
				894DA0BC222CB10E00D19D49 /* Assets.xcassets */,
				894DA0BE222CB10E00D19D49 /* LaunchScreen.storyboard */,
				894DA0C1222CB10E00D19D49 /* Info.plist */,
				894DA0C2222CB10E00D19D49 /* main.m */,
			);
			path = "DJI Demo";
			sourceTree = "<group>";
		};
/* End PBXGroup section */

/* Begin PBXNativeTarget section */
		894DA0AF222CB10C00D19D49 /* DJI Demo */ = {
			isa = PBXNativeTarget;
			buildConfigurationList = 894DA0C6222CB10E00D19D49 /* Build configuration list for PBXNativeTarget "DJI Demo" */;
			buildPhases = (
				894DA0AC222CB10C00D19D49 /* Sources */,
				894DA0AD222CB10C00D19D49 /* Frameworks */,
				894DA0AE222CB10C00D19D49 /* Resources */,
			);
			buildRules = (
			);
			dependencies = (
			);
			name = "DJI Demo";
			productName = "DJI Demo";
			productReference = 894DA0B0222CB10C00D19D49 /* DJI Demo.app */;
			productType = "com.apple.product-type.application";
		};
/* End PBXNativeTarget section */

/* Begin PBXProject section */
		894DA0A8222CB10C00D19D49 /* Project object */ = {
			isa = PBXProject;
			attributes = {
				LastUpgradeCheck = 1010;
				ORGANIZATIONNAME = "Alphonso Sensley II";
				TargetAttributes = {
					894DA0AF222CB10C00D19D49 = {
						CreatedOnToolsVersion = 10.1;
					};
				};
			};
			buildConfigurationList = 894DA0AB222CB10C00D19D49 /* Build configuration list for PBXProject "DJI Demo" */;
			compatibilityVersion = "Xcode 9.3";
			developmentRegion = en;
			hasScannedForEncodings = 0;
			knownRegions = (
				en,
				Base,
			);
			mainGroup = 894DA0A7222CB10C00D19D49;
			productRefGroup = 894DA0B1222CB10C00D19D49 /* Products */;
			projectDirPath = "";
			projectRoot = "";
			targets = (
				894DA0AF222CB10C00D19D49 /* DJI Demo */,
			);
		};
/* End PBXProject section */

/* Begin PBXResourcesBuildPhase section */
		894DA0AE222CB10C00D19D49 /* Resources */ = {
			isa = PBXResourcesBuildPhase;
			buildActionMask = 2147483647;
			files = (
				894DA0C0222CB10E00D19D49 /* LaunchScreen.storyboard in Resources */,
				894DA0BD222CB10E00D19D49 /* Assets.xcassets in Resources */,
				894DA0BB222CB10C00D19D49 /* Main.storyboard in Resources */,
			);
			runOnlyForDeploymentPostprocessing = 0;
		};
/* End PBXResourcesBuildPhase section */

/* Begin PBXSourcesBuildPhase section */
		894DA0AC222CB10C00D19D49 /* Sources */ = {
			isa = PBXSourcesBuildPhase;
			buildActionMask = 2147483647;
			files = (
				894DA0B8222CB10C00D19D49 /* ViewController.m in Sources */,
				894DA0C3222CB10E00D19D49 /* main.m in Sources */,
				894DA0B5222CB10C00D19D49 /* AppDelegate.m in Sources */,
			);
			runOnlyForDeploymentPostprocessing = 0;
		};
/* End PBXSourcesBuildPhase section */

/* Begin PBXVariantGroup section */
		894DA0B9222CB10C00D19D49 /* Main.storyboard */ = {
			isa = PBXVariantGroup;
			children = (
				894DA0BA222CB10C00D19D49 /* Base */,
			);
			name = Main.storyboard;
			sourceTree = "<group>";
		};
		894DA0BE222CB10E00D19D49 /* LaunchScreen.storyboard */ = {
			isa = PBXVariantGroup;
			children = (
				894DA0BF222CB10E00D19D49 /* Base */,
			);
			name = LaunchScreen.storyboard;
			sourceTree = "<group>";
		};
/* End PBXVariantGroup section */

/* Begin XCBuildConfiguration section */
		894DA0C4222CB10E00D19D49 /* Debug */ = {
			isa = XCBuildConfiguration;
			buildSettings = {
				ALWAYS_SEARCH_USER_PATHS = NO;
				CLANG_ANALYZER_NONNULL = YES;
				CLANG_ANALYZER_NUMBER_OBJECT_CONVERSION = YES_AGGRESSIVE;
				CLANG_CXX_LANGUAGE_STANDARD = "gnu++14";
				CLANG_CXX_LIBRARY = "libc++";
				CLANG_ENABLE_MODULES = YES;
				CLANG_ENABLE_OBJC_ARC = YES;
				CLANG_ENABLE_OBJC_WEAK = YES;
				CLANG_WARN_BLOCK_CAPTURE_AUTORELEASING = YES;
				CLANG_WARN_BOOL_CONVERSION = YES;
				CLANG_WARN_COMMA = YES;
				CLANG_WARN_CONSTANT_CONVERSION = YES;
				CLANG_WARN_DEPRECATED_OBJC_IMPLEMENTATIONS = YES;
				CLANG_WARN_DIRECT_OBJC_ISA_USAGE = YES_ERROR;
				CLANG_WARN_DOCUMENTATION_COMMENTS = YES;
				CLANG_WARN_EMPTY_BODY = YES;
				CLANG_WARN_ENUM_CONVERSION = YES;
				CLANG_WARN_INFINITE_RECURSION = YES;
				CLANG_WARN_INT_CONVERSION = YES;
				CLANG_WARN_NON_LITERAL_NULL_CONVERSION = YES;
				CLANG_WARN_OBJC_IMPLICIT_RETAIN_SELF = YES;
				CLANG_WARN_OBJC_LITERAL_CONVERSION = YES;
				CLANG_WARN_OBJC_ROOT_CLASS = YES_ERROR;
				CLANG_WARN_RANGE_LOOP_ANALYSIS = YES;
				CLANG_WARN_STRICT_PROTOTYPES = YES;
				CLANG_WARN_SUSPICIOUS_MOVE = YES;
				CLANG_WARN_UNGUARDED_AVAILABILITY = YES_AGGRESSIVE;
				CLANG_WARN_UNREACHABLE_CODE = YES;
				CLANG_WARN__DUPLICATE_METHOD_MATCH = YES;
				CODE_SIGN_IDENTITY = "iPhone Developer";
				COPY_PHASE_STRIP = NO;
				DEBUG_INFORMATION_FORMAT = dwarf;
				ENABLE_STRICT_OBJC_MSGSEND = YES;
				ENABLE_TESTABILITY = YES;
				GCC_C_LANGUAGE_STANDARD = gnu11;
				GCC_DYNAMIC_NO_PIC = NO;
				GCC_NO_COMMON_BLOCKS = YES;
				GCC_OPTIMIZATION_LEVEL = 0;
				GCC_PREPROCESSOR_DEFINITIONS = (
					"DEBUG=1",
					"$(inherited)",
				);
				GCC_WARN_64_TO_32_BIT_CONVERSION = YES;
				GCC_WARN_ABOUT_RETURN_TYPE = YES_ERROR;
				GCC_WARN_UNDECLARED_SELECTOR = YES;
				GCC_WARN_UNINITIALIZED_AUTOS = YES_AGGRESSIVE;
				GCC_WARN_UNUSED_FUNCTION = YES;
				GCC_WARN_UNUSED_VARIABLE = YES;
				IPHONEOS_DEPLOYMENT_TARGET = 12.1;
				MTL_ENABLE_DEBUG_INFO = INCLUDE_SOURCE;
				MTL_FAST_MATH = YES;
				ONLY_ACTIVE_ARCH = YES;
				SDKROOT = iphoneos;
			};
			name = Debug;
		};
		894DA0C5222CB10E00D19D49 /* Release */ = {
			isa = XCBuildConfiguration;
			buildSettings = {
				ALWAYS_SEARCH_USER_PATHS = NO;
				CLANG_ANALYZER_NONNULL = YES;
				CLANG_ANALYZER_NUMBER_OBJECT_CONVERSION = YES_AGGRESSIVE;
				CLANG_CXX_LANGUAGE_STANDARD = "gnu++14";
				CLANG_CXX_LIBRARY = "libc++";
				CLANG_ENABLE_MODULES = YES;
				CLANG_ENABLE_OBJC_ARC = YES;
				CLANG_ENABLE_OBJC_WEAK = YES;
				CLANG_WARN_BLOCK_CAPTURE_AUTORELEASING = YES;
				CLANG_WARN_BOOL_CONVERSION = YES;
				CLANG_WARN_COMMA = YES;
				CLANG_WARN_CONSTANT_CONVERSION = YES;
				CLANG_WARN_DEPRECATED_OBJC_IMPLEMENTATIONS = YES;
				CLANG_WARN_DIRECT_OBJC_ISA_USAGE = YES_ERROR;
				CLANG_WARN_DOCUMENTATION_COMMENTS = YES;
				CLANG_WARN_EMPTY_BODY = YES;
				CLANG_WARN_ENUM_CONVERSION = YES;
				CLANG_WARN_INFINITE_RECURSION = YES;
				CLANG_WARN_INT_CONVERSION = YES;
				CLANG_WARN_NON_LITERAL_NULL_CONVERSION = YES;
				CLANG_WARN_OBJC_IMPLICIT_RETAIN_SELF = YES;
				CLANG_WARN_OBJC_LITERAL_CONVERSION = YES;
				CLANG_WARN_OBJC_ROOT_CLASS = YES_ERROR;
				CLANG_WARN_RANGE_LOOP_ANALYSIS = YES;
				CLANG_WARN_STRICT_PROTOTYPES = YES;
				CLANG_WARN_SUSPICIOUS_MOVE = YES;
				CLANG_WARN_UNGUARDED_AVAILABILITY = YES_AGGRESSIVE;
				CLANG_WARN_UNREACHABLE_CODE = YES;
				CLANG_WARN__DUPLICATE_METHOD_MATCH = YES;
				CODE_SIGN_IDENTITY = "iPhone Developer";
				COPY_PHASE_STRIP = NO;
				DEBUG_INFORMATION_FORMAT = "dwarf-with-dsym";
				ENABLE_NS_ASSERTIONS = NO;
				ENABLE_STRICT_OBJC_MSGSEND = YES;
				GCC_C_LANGUAGE_STANDARD = gnu11;
				GCC_NO_COMMON_BLOCKS = YES;
				GCC_WARN_64_TO_32_BIT_CONVERSION = YES;
				GCC_WARN_ABOUT_RETURN_TYPE = YES_ERROR;
				GCC_WARN_UNDECLARED_SELECTOR = YES;
				GCC_WARN_UNINITIALIZED_AUTOS = YES_AGGRESSIVE;
				GCC_WARN_UNUSED_FUNCTION = YES;
				GCC_WARN_UNUSED_VARIABLE = YES;
				IPHONEOS_DEPLOYMENT_TARGET = 12.1;
				MTL_ENABLE_DEBUG_INFO = NO;
				MTL_FAST_MATH = YES;
				SDKROOT = iphoneos;
				VALIDATE_PRODUCT = YES;
			};
			name = Release;
		};
		894DA0C7222CB10E00D19D49 /* Debug */ = {
			isa = XCBuildConfiguration;
			buildSettings = {
				ASSETCATALOG_COMPILER_APPICON_NAME = AppIcon;
				CODE_SIGN_STYLE = Automatic;
				DEVELOPMENT_TEAM = 6257XTCRBF;
				INFOPLIST_FILE = "DJI Demo/Info.plist";
				LD_RUNPATH_SEARCH_PATHS = (
					"$(inherited)",
					"@executable_path/Frameworks",
				);
				PRODUCT_BUNDLE_IDENTIFIER = "com.Alphonso-Sensley-II.DJI-Demo";
				PRODUCT_NAME = "$(TARGET_NAME)";
				TARGETED_DEVICE_FAMILY = "1,2";
			};
			name = Debug;
		};
		894DA0C8222CB10E00D19D49 /* Release */ = {
			isa = XCBuildConfiguration;
			buildSettings = {
				ASSETCATALOG_COMPILER_APPICON_NAME = AppIcon;
				CODE_SIGN_STYLE = Automatic;
				DEVELOPMENT_TEAM = 6257XTCRBF;
				INFOPLIST_FILE = "DJI Demo/Info.plist";
				LD_RUNPATH_SEARCH_PATHS = (
					"$(inherited)",
					"@executable_path/Frameworks",
				);
				PRODUCT_BUNDLE_IDENTIFIER = "com.Alphonso-Sensley-II.DJI-Demo";
				PRODUCT_NAME = "$(TARGET_NAME)";
				TARGETED_DEVICE_FAMILY = "1,2";
			};
			name = Release;
		};
/* End XCBuildConfiguration section */

/* Begin XCConfigurationList section */
		894DA0AB222CB10C00D19D49 /* Build configuration list for PBXProject "DJI Demo" */ = {
			isa = XCConfigurationList;
			buildConfigurations = (
				894DA0C4222CB10E00D19D49 /* Debug */,
				894DA0C5222CB10E00D19D49 /* Release */,
			);
			defaultConfigurationIsVisible = 0;
			defaultConfigurationName = Release;
		};
		894DA0C6222CB10E00D19D49 /* Build configuration list for PBXNativeTarget "DJI Demo" */ = {
			isa = XCConfigurationList;
			buildConfigurations = (
				894DA0C7222CB10E00D19D49 /* Debug */,
				894DA0C8222CB10E00D19D49 /* Release */,
			);
			defaultConfigurationIsVisible = 0;
			defaultConfigurationName = Release;
		};
/* End XCConfigurationList section */
	};
	rootObject = 894DA0A8222CB10C00D19D49 /* Project object */;
}
